
Microsoft Visual Studio Solution File, Format Version 12.00
Project("{FAE04EC0-301F-11D3-BF4B-00C04F79EFBC}") = "MvcMovie", "MvcMovie\MvcMovie.csproj", "{7F7F472C-6B38-49F9-904A-FF2474F9466A}"
EndProject
Global
	GlobalSection(SolutionConfigurationPlatforms) = preSolution
		Debug|Any CPU = Debug|Any CPU
		Release|Any CPU = Release|Any CPU
	EndGlobalSection
	GlobalSection(ProjectConfigurationPlatforms) = postSolution
		{7F7F472C-6B38-49F9-904A-FF2474F9466A}.Debug|Any CPU.ActiveCfg = Debug|Any CPU
		{7F7F472C-6B38-49F9-904A-FF2474F9466A}.Debug|Any CPU.Build.0 = Debug|Any CPU
		{7F7F472C-6B38-49F9-904A-FF2474F9466A}.Release|Any CPU.ActiveCfg = Release|Any CPU
		{7F7F472C-6B38-49F9-904A-FF2474F9466A}.Release|Any CPU.Build.0 = Release|Any CPU
	EndGlobalSection
EndGlobal
